
Microsoft Visual Studio Solution File, Format Version 12.00
Project("{FAE04EC0-301F-11D3-BF4B-00C04F79EFBC}") = "TesteBaseDocker", "TesteBaseDocker\TesteBaseDocker.csproj", "{A534EC52-3BA3-4CE0-9DB6-DAAD92DA1ECF}"
EndProject
Global
	GlobalSection(SolutionConfigurationPlatforms) = preSolution
		Debug|Any CPU = Debug|Any CPU
		Release|Any CPU = Release|Any CPU
	EndGlobalSection
	GlobalSection(ProjectConfigurationPlatforms) = postSolution
		{A534EC52-3BA3-4CE0-9DB6-DAAD92DA1ECF}.Debug|Any CPU.ActiveCfg = Debug|Any CPU
		{A534EC52-3BA3-4CE0-9DB6-DAAD92DA1ECF}.Debug|Any CPU.Build.0 = Debug|Any CPU
		{A534EC52-3BA3-4CE0-9DB6-DAAD92DA1ECF}.Release|Any CPU.ActiveCfg = Release|Any CPU
		{A534EC52-3BA3-4CE0-9DB6-DAAD92DA1ECF}.Release|Any CPU.Build.0 = Release|Any CPU
	EndGlobalSection
EndGlobal
